
Microsoft Visual Studio Solution File, Format Version 12.00
# Visual Studio 2013
VisualStudioVersion = 12.0.31101.0
MinimumVisualStudioVersion = 10.0.40219.1
Project("{FAE04EC0-301F-11D3-BF4B-00C04F79EFBC}") = "Toci.Basic.World.Interface", "Toci.Basic.World.Interface\Toci.Basic.World.Interface.csproj", "{19AC183A-364B-48A3-A29F-B18B635A35D0}"
EndProject
Global
	GlobalSection(SolutionConfigurationPlatforms) = preSolution
		Debug|Any CPU = Debug|Any CPU
		Release|Any CPU = Release|Any CPU
	EndGlobalSection
	GlobalSection(ProjectConfigurationPlatforms) = postSolution
		{19AC183A-364B-48A3-A29F-B18B635A35D0}.Debug|Any CPU.ActiveCfg = Debug|Any CPU
		{19AC183A-364B-48A3-A29F-B18B635A35D0}.Debug|Any CPU.Build.0 = Debug|Any CPU
		{19AC183A-364B-48A3-A29F-B18B635A35D0}.Release|Any CPU.ActiveCfg = Release|Any CPU
		{19AC183A-364B-48A3-A29F-B18B635A35D0}.Release|Any CPU.Build.0 = Release|Any CPU
	EndGlobalSection
	GlobalSection(SolutionProperties) = preSolution
		HideSolutionNode = FALSE
	EndGlobalSection
EndGlobal
