
Microsoft Visual Studio Solution File, Format Version 12.00
# Visual Studio 15
VisualStudioVersion = 15.0.28307.960
MinimumVisualStudioVersion = 10.0.40219.1
Project("{FAE04EC0-301F-11D3-BF4B-00C04F79EFBC}") = "toci phoenix 0.5", "toci phoenix 0.5.csproj", "{808DC54D-3977-413E-8354-E9156ECD4C6B}"
EndProject
Project("{FAE04EC0-301F-11D3-BF4B-00C04F79EFBC}") = "Toci.Front", "..\Toci.Front\Toci.Front.csproj", "{09A8A5F3-80E4-48BB-A871-033F06175A81}"
EndProject
Project("{FAE04EC0-301F-11D3-BF4B-00C04F79EFBC}") = "Toci.Db", "..\..\..\toci_common\Toci.Libraries\Toci.Db\Toci.Db.csproj", "{E45EA1C2-F40C-4903-94C3-30A885A71D33}"
EndProject
Project("{FAE04EC0-301F-11D3-BF4B-00C04F79EFBC}") = "Toci.ErrorsAndMessages", "..\..\..\toci_common\Toci.Libraries\Toci.ErrorsAndMessages\Toci.ErrorsAndMessages.csproj", "{C723109F-5656-4245-8FFB-6A9CDE912F54}"
EndProject
Project("{FAE04EC0-301F-11D3-BF4B-00C04F79EFBC}") = "Toci.Utilities", "..\..\..\toci_common\Toci.Libraries\Toci.Utilities\Toci.Utilities.csproj", "{A7951807-F924-4108-A63B-253CE3F5B045}"
EndProject
Project("{FAE04EC0-301F-11D3-BF4B-00C04F79EFBC}") = "Toci.Utilities.Common", "..\..\..\toci_common\Toci.Libraries\Toci.Utilities.Common\Toci.Utilities.Common.csproj", "{AA84D501-0707-40D3-AED8-F4884E7F0FB2}"
EndProject
Project("{FAE04EC0-301F-11D3-BF4B-00C04F79EFBC}") = "Toci.Utilities.Abstraction", "..\..\..\toci_common\Toci.Libraries\Toci.Utilities.Abstraction\Toci.Utilities.Abstraction.csproj", "{3F7C2517-390A-40BF-A1FC-3F5DFAE8BDF2}"
EndProject
Project("{FAE04EC0-301F-11D3-BF4B-00C04F79EFBC}") = "Toci.Utilities.Interfaces", "..\..\..\toci_common\Toci.Libraries\Toci.Utilities.Interfaces\Toci.Utilities.Interfaces\Toci.Utilities.Interfaces.csproj", "{C3976AC9-39A5-4B47-8A67-33F021A4CDC3}"
EndProject
Project("{FAE04EC0-301F-11D3-BF4B-00C04F79EFBC}") = "Toci.Dal.Aoe.Interfaces", "Toci.Dal.Aoe.Interfaces\Toci.Dal.Aoe.Interfaces.csproj", "{AA2DAB8D-74BC-4835-9078-77F05EAB8ED2}"
EndProject
Project("{FAE04EC0-301F-11D3-BF4B-00C04F79EFBC}") = "Toci.Ui.Interfaces", "..\..\..\toci_common\Toci.Libraries\Toci.Ui.Interfaces\Toci.Ui.Interfaces.csproj", "{324F72B3-78B4-43E7-93DF-BE9684722DFB}"
EndProject
Project("{FAE04EC0-301F-11D3-BF4B-00C04F79EFBC}") = "Toci.Ui", "..\..\..\toci_common\Toci.Libraries\Toci.Db\Toci.Ui\Toci.Ui.csproj", "{BD05A5A6-EE1C-4634-9456-7B16C8C15E04}"
EndProject
Project("{FAE04EC0-301F-11D3-BF4B-00C04F79EFBC}") = "Toci.Bll.Nfs.Interfaces", "..\Toci.Bll.Nfs.Interfaces\Toci.Bll.Nfs.Interfaces.csproj", "{DDFFD237-EA0C-467C-B28F-5860C35F6089}"
EndProject
Project("{FAE04EC0-301F-11D3-BF4B-00C04F79EFBC}") = "Toci.Bll.Nfs", "Toci.Bll.Nfs\Toci.Bll.Nfs.csproj", "{B44BEC0D-4FB0-4AD3-9350-312D304A3271}"
EndProject
Project("{FAE04EC0-301F-11D3-BF4B-00C04F79EFBC}") = "Toci.Db.Interfaces", "..\..\..\toci_common\Toci.Libraries\Toci.Db.Interfaces\Toci.Db.Interfaces.csproj", "{BDA91D44-EC72-43B6-A033-EEE9ED2E6F19}"
EndProject
Global
	GlobalSection(SolutionConfigurationPlatforms) = preSolution
		Debug|Any CPU = Debug|Any CPU
		Release|Any CPU = Release|Any CPU
	EndGlobalSection
	GlobalSection(ProjectConfigurationPlatforms) = postSolution
		{808DC54D-3977-413E-8354-E9156ECD4C6B}.Debug|Any CPU.ActiveCfg = Debug|Any CPU
		{808DC54D-3977-413E-8354-E9156ECD4C6B}.Debug|Any CPU.Build.0 = Debug|Any CPU
		{808DC54D-3977-413E-8354-E9156ECD4C6B}.Release|Any CPU.ActiveCfg = Release|Any CPU
		{808DC54D-3977-413E-8354-E9156ECD4C6B}.Release|Any CPU.Build.0 = Release|Any CPU
		{09A8A5F3-80E4-48BB-A871-033F06175A81}.Debug|Any CPU.ActiveCfg = Debug|Any CPU
		{09A8A5F3-80E4-48BB-A871-033F06175A81}.Debug|Any CPU.Build.0 = Debug|Any CPU
		{09A8A5F3-80E4-48BB-A871-033F06175A81}.Release|Any CPU.ActiveCfg = Release|Any CPU
		{09A8A5F3-80E4-48BB-A871-033F06175A81}.Release|Any CPU.Build.0 = Release|Any CPU
		{E45EA1C2-F40C-4903-94C3-30A885A71D33}.Debug|Any CPU.ActiveCfg = Debug|Any CPU
		{E45EA1C2-F40C-4903-94C3-30A885A71D33}.Debug|Any CPU.Build.0 = Debug|Any CPU
		{E45EA1C2-F40C-4903-94C3-30A885A71D33}.Release|Any CPU.ActiveCfg = Release|Any CPU
		{E45EA1C2-F40C-4903-94C3-30A885A71D33}.Release|Any CPU.Build.0 = Release|Any CPU
		{C723109F-5656-4245-8FFB-6A9CDE912F54}.Debug|Any CPU.ActiveCfg = Debug|Any CPU
		{C723109F-5656-4245-8FFB-6A9CDE912F54}.Debug|Any CPU.Build.0 = Debug|Any CPU
		{C723109F-5656-4245-8FFB-6A9CDE912F54}.Release|Any CPU.ActiveCfg = Release|Any CPU
		{C723109F-5656-4245-8FFB-6A9CDE912F54}.Release|Any CPU.Build.0 = Release|Any CPU
		{A7951807-F924-4108-A63B-253CE3F5B045}.Debug|Any CPU.ActiveCfg = Debug|Any CPU
		{A7951807-F924-4108-A63B-253CE3F5B045}.Debug|Any CPU.Build.0 = Debug|Any CPU
		{A7951807-F924-4108-A63B-253CE3F5B045}.Release|Any CPU.ActiveCfg = Release|Any CPU
		{A7951807-F924-4108-A63B-253CE3F5B045}.Release|Any CPU.Build.0 = Release|Any CPU
		{AA84D501-0707-40D3-AED8-F4884E7F0FB2}.Debug|Any CPU.ActiveCfg = Debug|Any CPU
		{AA84D501-0707-40D3-AED8-F4884E7F0FB2}.Debug|Any CPU.Build.0 = Debug|Any CPU
		{AA84D501-0707-40D3-AED8-F4884E7F0FB2}.Release|Any CPU.ActiveCfg = Release|Any CPU
		{AA84D501-0707-40D3-AED8-F4884E7F0FB2}.Release|Any CPU.Build.0 = Release|Any CPU
		{3F7C2517-390A-40BF-A1FC-3F5DFAE8BDF2}.Debug|Any CPU.ActiveCfg = Debug|Any CPU
		{3F7C2517-390A-40BF-A1FC-3F5DFAE8BDF2}.Debug|Any CPU.Build.0 = Debug|Any CPU
		{3F7C2517-390A-40BF-A1FC-3F5DFAE8BDF2}.Release|Any CPU.ActiveCfg = Release|Any CPU
		{3F7C2517-390A-40BF-A1FC-3F5DFAE8BDF2}.Release|Any CPU.Build.0 = Release|Any CPU
		{C3976AC9-39A5-4B47-8A67-33F021A4CDC3}.Debug|Any CPU.ActiveCfg = Debug|Any CPU
		{C3976AC9-39A5-4B47-8A67-33F021A4CDC3}.Debug|Any CPU.Build.0 = Debug|Any CPU
		{C3976AC9-39A5-4B47-8A67-33F021A4CDC3}.Release|Any CPU.ActiveCfg = Release|Any CPU
		{C3976AC9-39A5-4B47-8A67-33F021A4CDC3}.Release|Any CPU.Build.0 = Release|Any CPU
		{AA2DAB8D-74BC-4835-9078-77F05EAB8ED2}.Debug|Any CPU.ActiveCfg = Debug|Any CPU
		{AA2DAB8D-74BC-4835-9078-77F05EAB8ED2}.Debug|Any CPU.Build.0 = Debug|Any CPU
		{AA2DAB8D-74BC-4835-9078-77F05EAB8ED2}.Release|Any CPU.ActiveCfg = Release|Any CPU
		{AA2DAB8D-74BC-4835-9078-77F05EAB8ED2}.Release|Any CPU.Build.0 = Release|Any CPU
		{324F72B3-78B4-43E7-93DF-BE9684722DFB}.Debug|Any CPU.ActiveCfg = Debug|Any CPU
		{324F72B3-78B4-43E7-93DF-BE9684722DFB}.Debug|Any CPU.Build.0 = Debug|Any CPU
		{324F72B3-78B4-43E7-93DF-BE9684722DFB}.Release|Any CPU.ActiveCfg = Release|Any CPU
		{324F72B3-78B4-43E7-93DF-BE9684722DFB}.Release|Any CPU.Build.0 = Release|Any CPU
		{BD05A5A6-EE1C-4634-9456-7B16C8C15E04}.Debug|Any CPU.ActiveCfg = Debug|Any CPU
		{BD05A5A6-EE1C-4634-9456-7B16C8C15E04}.Debug|Any CPU.Build.0 = Debug|Any CPU
		{BD05A5A6-EE1C-4634-9456-7B16C8C15E04}.Release|Any CPU.ActiveCfg = Release|Any CPU
		{BD05A5A6-EE1C-4634-9456-7B16C8C15E04}.Release|Any CPU.Build.0 = Release|Any CPU
		{DDFFD237-EA0C-467C-B28F-5860C35F6089}.Debug|Any CPU.ActiveCfg = Debug|Any CPU
		{DDFFD237-EA0C-467C-B28F-5860C35F6089}.Debug|Any CPU.Build.0 = Debug|Any CPU
		{DDFFD237-EA0C-467C-B28F-5860C35F6089}.Release|Any CPU.ActiveCfg = Release|Any CPU
		{DDFFD237-EA0C-467C-B28F-5860C35F6089}.Release|Any CPU.Build.0 = Release|Any CPU
		{B44BEC0D-4FB0-4AD3-9350-312D304A3271}.Debug|Any CPU.ActiveCfg = Debug|Any CPU
		{B44BEC0D-4FB0-4AD3-9350-312D304A3271}.Debug|Any CPU.Build.0 = Debug|Any CPU
		{B44BEC0D-4FB0-4AD3-9350-312D304A3271}.Release|Any CPU.ActiveCfg = Release|Any CPU
		{B44BEC0D-4FB0-4AD3-9350-312D304A3271}.Release|Any CPU.Build.0 = Release|Any CPU
		{BDA91D44-EC72-43B6-A033-EEE9ED2E6F19}.Debug|Any CPU.ActiveCfg = Debug|Any CPU
		{BDA91D44-EC72-43B6-A033-EEE9ED2E6F19}.Debug|Any CPU.Build.0 = Debug|Any CPU
		{BDA91D44-EC72-43B6-A033-EEE9ED2E6F19}.Release|Any CPU.ActiveCfg = Release|Any CPU
		{BDA91D44-EC72-43B6-A033-EEE9ED2E6F19}.Release|Any CPU.Build.0 = Release|Any CPU
	EndGlobalSection
	GlobalSection(SolutionProperties) = preSolution
		HideSolutionNode = FALSE
	EndGlobalSection
	GlobalSection(ExtensibilityGlobals) = postSolution
		SolutionGuid = {9E3A90EF-BAF5-4B77-8436-8068C95621D3}
	EndGlobalSection
EndGlobal
