
Microsoft Visual Studio Solution File, Format Version 12.00
# Visual Studio 2013
VisualStudioVersion = 12.0.31101.0
MinimumVisualStudioVersion = 10.0.40219.1
Project("{FAE04EC0-301F-11D3-BF4B-00C04F79EFBC}") = "Shark", "Shark\Shark.csproj", "{E2AB410E-08C8-45CE-9204-C68EEE5AD9BA}"
EndProject
Project("{FAE04EC0-301F-11D3-BF4B-00C04F79EFBC}") = "Toci.Db", "..\..\..\Toci.Db\Toci.Db.csproj", "{E45EA1C2-F40C-4903-94C3-30A885A71D33}"
EndProject
Project("{FAE04EC0-301F-11D3-BF4B-00C04F79EFBC}") = "Toci.Utilities", "..\..\..\Toci.Utilities\Toci.Utilities.csproj", "{A7951807-F924-4108-A63B-253CE3F5B045}"
EndProject
Global
	GlobalSection(SolutionConfigurationPlatforms) = preSolution
		Debug|Any CPU = Debug|Any CPU
		Release|Any CPU = Release|Any CPU
	EndGlobalSection
	GlobalSection(ProjectConfigurationPlatforms) = postSolution
		{E2AB410E-08C8-45CE-9204-C68EEE5AD9BA}.Debug|Any CPU.ActiveCfg = Debug|Any CPU
		{E2AB410E-08C8-45CE-9204-C68EEE5AD9BA}.Debug|Any CPU.Build.0 = Debug|Any CPU
		{E2AB410E-08C8-45CE-9204-C68EEE5AD9BA}.Release|Any CPU.ActiveCfg = Release|Any CPU
		{E2AB410E-08C8-45CE-9204-C68EEE5AD9BA}.Release|Any CPU.Build.0 = Release|Any CPU
		{E45EA1C2-F40C-4903-94C3-30A885A71D33}.Debug|Any CPU.ActiveCfg = Debug|Any CPU
		{E45EA1C2-F40C-4903-94C3-30A885A71D33}.Debug|Any CPU.Build.0 = Debug|Any CPU
		{E45EA1C2-F40C-4903-94C3-30A885A71D33}.Release|Any CPU.ActiveCfg = Release|Any CPU
		{E45EA1C2-F40C-4903-94C3-30A885A71D33}.Release|Any CPU.Build.0 = Release|Any CPU
		{A7951807-F924-4108-A63B-253CE3F5B045}.Debug|Any CPU.ActiveCfg = Debug|Any CPU
		{A7951807-F924-4108-A63B-253CE3F5B045}.Debug|Any CPU.Build.0 = Debug|Any CPU
		{A7951807-F924-4108-A63B-253CE3F5B045}.Release|Any CPU.ActiveCfg = Release|Any CPU
		{A7951807-F924-4108-A63B-253CE3F5B045}.Release|Any CPU.Build.0 = Release|Any CPU
	EndGlobalSection
	GlobalSection(SolutionProperties) = preSolution
		HideSolutionNode = FALSE
	EndGlobalSection
EndGlobal
