
Microsoft Visual Studio Solution File, Format Version 12.00
# Visual Studio 14
VisualStudioVersion = 14.0.23107.0
MinimumVisualStudioVersion = 10.0.40219.1
Project("{FAE04EC0-301F-11D3-BF4B-00C04F79EFBC}") = "Toci.AuthorizationServer", "Toci.AuthorizationServer\Toci.AuthorizationServer.csproj", "{B6A7D2CA-61C5-4017-B80D-6AEB9E6E76CA}"
EndProject
Project("{FAE04EC0-301F-11D3-BF4B-00C04F79EFBC}") = "EncodingLib", "EncodingLib\EncodingLib.csproj", "{44D0C538-5D19-409A-8F30-2519339FC818}"
EndProject
Project("{FAE04EC0-301F-11D3-BF4B-00C04F79EFBC}") = "Toci.Provider", "Toci.Provider\Toci.Provider.csproj", "{26D4AAB3-B13D-452F-888C-F635BF700B45}"
EndProject
Project("{FAE04EC0-301F-11D3-BF4B-00C04F79EFBC}") = "Toci.Tests", "Toci.Tests\Toci.Tests.csproj", "{F2800038-82FE-47B4-BCDE-9BF9A314F0B7}"
EndProject
Project("{FAE04EC0-301F-11D3-BF4B-00C04F79EFBC}") = "Toci.CredentialsApi", "Toci.CredentialsApi\Toci.CredentialsApi.csproj", "{94F9065B-FB80-403E-BB72-5AB6F4567E4A}"
EndProject
Project("{FAE04EC0-301F-11D3-BF4B-00C04F79EFBC}") = "DbCrypting", "DbCrypting\DbCrypting.csproj", "{B8730CA1-13E6-4D51-A436-DA4A8A7D4062}"
EndProject
Project("{FAE04EC0-301F-11D3-BF4B-00C04F79EFBC}") = "Toci.DigitalSignature", "Toci.DigitalSignature\Toci.DigitalSignature.csproj", "{CE9A63D1-D277-4828-BF68-211DB483B483}"
EndProject
Project("{FAE04EC0-301F-11D3-BF4B-00C04F79EFBC}") = "Toci.DigitalSignatureApi", "Toci.DigitalSignatureApi\Toci.DigitalSignatureApi.csproj", "{214C5B36-0358-4091-8008-CA6251852922}"
EndProject
Project("{FAE04EC0-301F-11D3-BF4B-00C04F79EFBC}") = "DbCredentials", "DbCredentials\DbCredentials.csproj", "{C4549253-A41F-4EFF-B32E-4A22EF6BEC6B}"
EndProject
Project("{FAE04EC0-301F-11D3-BF4B-00C04F79EFBC}") = "Toci.Client", "Toci.Client\Toci.Client.csproj", "{F36634DF-B233-48AC-9A26-2C33C08870B0}"
EndProject
Project("{FAE04EC0-301F-11D3-BF4B-00C04F79EFBC}") = "Toci.CryptingApi", "Toci.CryptingApi\Toci.CryptingApi.csproj", "{75C01E14-3D21-417F-9C06-8362AA79898D}"
EndProject
Project("{FAE04EC0-301F-11D3-BF4B-00C04F79EFBC}") = "Toci.Utilities", "..\..\..\..\Toci.Utilities\Toci.Utilities.csproj", "{A7951807-F924-4108-A63B-253CE3F5B045}"
EndProject
Project("{FAE04EC0-301F-11D3-BF4B-00C04F79EFBC}") = "Toci.Db", "..\..\..\..\Toci.Db\Toci.Db.csproj", "{E45EA1C2-F40C-4903-94C3-30A885A71D33}"
EndProject
Project("{FAE04EC0-301F-11D3-BF4B-00C04F79EFBC}") = "Toci.Utilities.Abstraction", "..\..\..\..\Toci.Utilities.Abstraction\Toci.Utilities.Abstraction.csproj", "{3F7C2517-390A-40BF-A1FC-3F5DFAE8BDF2}"
EndProject
Project("{FAE04EC0-301F-11D3-BF4B-00C04F79EFBC}") = "Toci.Utilities.Interfaces", "..\..\..\..\Toci.Utilities.Interfaces\Toci.Utilities.Interfaces\Toci.Utilities.Interfaces.csproj", "{C3976AC9-39A5-4B47-8A67-33F021A4CDC3}"
EndProject
Project("{FAE04EC0-301F-11D3-BF4B-00C04F79EFBC}") = "Toci.Utilities.Common", "..\..\..\..\Toci.Utilities.Common\Toci.Utilities.Common.csproj", "{AA84D501-0707-40D3-AED8-F4884E7F0FB2}"
EndProject
Project("{2150E333-8FDC-42A3-9474-1A3956D46DE8}") = "Toci", "Toci", "{5377D369-C559-4980-96AC-D5BB738E5910}"
EndProject
Project("{FAE04EC0-301F-11D3-BF4B-00C04F79EFBC}") = "Toci.CryptingFrontDemo", "Toci.CryptingFrontDemo\Toci.CryptingFrontDemo.csproj", "{ED2AD3D7-C4E5-45C9-B5B1-C95FF562AB97}"
EndProject
Project("{FAE04EC0-301F-11D3-BF4B-00C04F79EFBC}") = "Toci.DigitalSignatureFrontDemo", "Toci.DigitalSignatureFrontDemo\Toci.DigitalSignatureFrontDemo.csproj", "{77CEE5BA-D7B7-4C2F-8466-7B97D74AC9FB}"
EndProject
Project("{2150E333-8FDC-42A3-9474-1A3956D46DE8}") = "Documentation", "Documentation", "{8A35C661-4087-4E54-8AA1-BCE29DC92131}"
	ProjectSection(SolutionItems) = preProject
		DbCredensialsApi.txt = DbCredensialsApi.txt
		OauthLinks.txt = OauthLinks.txt
	EndProjectSection
EndProject
Global
	GlobalSection(SolutionConfigurationPlatforms) = preSolution
		Debug|Any CPU = Debug|Any CPU
		Release|Any CPU = Release|Any CPU
	EndGlobalSection
	GlobalSection(ProjectConfigurationPlatforms) = postSolution
		{B6A7D2CA-61C5-4017-B80D-6AEB9E6E76CA}.Debug|Any CPU.ActiveCfg = Debug|Any CPU
		{B6A7D2CA-61C5-4017-B80D-6AEB9E6E76CA}.Debug|Any CPU.Build.0 = Debug|Any CPU
		{B6A7D2CA-61C5-4017-B80D-6AEB9E6E76CA}.Release|Any CPU.ActiveCfg = Release|Any CPU
		{B6A7D2CA-61C5-4017-B80D-6AEB9E6E76CA}.Release|Any CPU.Build.0 = Release|Any CPU
		{44D0C538-5D19-409A-8F30-2519339FC818}.Debug|Any CPU.ActiveCfg = Debug|Any CPU
		{44D0C538-5D19-409A-8F30-2519339FC818}.Debug|Any CPU.Build.0 = Debug|Any CPU
		{44D0C538-5D19-409A-8F30-2519339FC818}.Release|Any CPU.ActiveCfg = Release|Any CPU
		{44D0C538-5D19-409A-8F30-2519339FC818}.Release|Any CPU.Build.0 = Release|Any CPU
		{26D4AAB3-B13D-452F-888C-F635BF700B45}.Debug|Any CPU.ActiveCfg = Debug|Any CPU
		{26D4AAB3-B13D-452F-888C-F635BF700B45}.Debug|Any CPU.Build.0 = Debug|Any CPU
		{26D4AAB3-B13D-452F-888C-F635BF700B45}.Release|Any CPU.ActiveCfg = Release|Any CPU
		{26D4AAB3-B13D-452F-888C-F635BF700B45}.Release|Any CPU.Build.0 = Release|Any CPU
		{F2800038-82FE-47B4-BCDE-9BF9A314F0B7}.Debug|Any CPU.ActiveCfg = Debug|Any CPU
		{F2800038-82FE-47B4-BCDE-9BF9A314F0B7}.Debug|Any CPU.Build.0 = Debug|Any CPU
		{F2800038-82FE-47B4-BCDE-9BF9A314F0B7}.Release|Any CPU.ActiveCfg = Release|Any CPU
		{F2800038-82FE-47B4-BCDE-9BF9A314F0B7}.Release|Any CPU.Build.0 = Release|Any CPU
		{94F9065B-FB80-403E-BB72-5AB6F4567E4A}.Debug|Any CPU.ActiveCfg = Debug|Any CPU
		{94F9065B-FB80-403E-BB72-5AB6F4567E4A}.Debug|Any CPU.Build.0 = Debug|Any CPU
		{94F9065B-FB80-403E-BB72-5AB6F4567E4A}.Release|Any CPU.ActiveCfg = Release|Any CPU
		{94F9065B-FB80-403E-BB72-5AB6F4567E4A}.Release|Any CPU.Build.0 = Release|Any CPU
		{B8730CA1-13E6-4D51-A436-DA4A8A7D4062}.Debug|Any CPU.ActiveCfg = Debug|Any CPU
		{B8730CA1-13E6-4D51-A436-DA4A8A7D4062}.Debug|Any CPU.Build.0 = Debug|Any CPU
		{B8730CA1-13E6-4D51-A436-DA4A8A7D4062}.Release|Any CPU.ActiveCfg = Release|Any CPU
		{B8730CA1-13E6-4D51-A436-DA4A8A7D4062}.Release|Any CPU.Build.0 = Release|Any CPU
		{CE9A63D1-D277-4828-BF68-211DB483B483}.Debug|Any CPU.ActiveCfg = Debug|Any CPU
		{CE9A63D1-D277-4828-BF68-211DB483B483}.Debug|Any CPU.Build.0 = Debug|Any CPU
		{CE9A63D1-D277-4828-BF68-211DB483B483}.Release|Any CPU.ActiveCfg = Release|Any CPU
		{CE9A63D1-D277-4828-BF68-211DB483B483}.Release|Any CPU.Build.0 = Release|Any CPU
		{214C5B36-0358-4091-8008-CA6251852922}.Debug|Any CPU.ActiveCfg = Debug|Any CPU
		{214C5B36-0358-4091-8008-CA6251852922}.Debug|Any CPU.Build.0 = Debug|Any CPU
		{214C5B36-0358-4091-8008-CA6251852922}.Release|Any CPU.ActiveCfg = Release|Any CPU
		{214C5B36-0358-4091-8008-CA6251852922}.Release|Any CPU.Build.0 = Release|Any CPU
		{C4549253-A41F-4EFF-B32E-4A22EF6BEC6B}.Debug|Any CPU.ActiveCfg = Debug|Any CPU
		{C4549253-A41F-4EFF-B32E-4A22EF6BEC6B}.Debug|Any CPU.Build.0 = Debug|Any CPU
		{C4549253-A41F-4EFF-B32E-4A22EF6BEC6B}.Release|Any CPU.ActiveCfg = Release|Any CPU
		{C4549253-A41F-4EFF-B32E-4A22EF6BEC6B}.Release|Any CPU.Build.0 = Release|Any CPU
		{F36634DF-B233-48AC-9A26-2C33C08870B0}.Debug|Any CPU.ActiveCfg = Debug|Any CPU
		{F36634DF-B233-48AC-9A26-2C33C08870B0}.Debug|Any CPU.Build.0 = Debug|Any CPU
		{F36634DF-B233-48AC-9A26-2C33C08870B0}.Release|Any CPU.ActiveCfg = Release|Any CPU
		{F36634DF-B233-48AC-9A26-2C33C08870B0}.Release|Any CPU.Build.0 = Release|Any CPU
		{75C01E14-3D21-417F-9C06-8362AA79898D}.Debug|Any CPU.ActiveCfg = Debug|Any CPU
		{75C01E14-3D21-417F-9C06-8362AA79898D}.Debug|Any CPU.Build.0 = Debug|Any CPU
		{75C01E14-3D21-417F-9C06-8362AA79898D}.Release|Any CPU.ActiveCfg = Release|Any CPU
		{75C01E14-3D21-417F-9C06-8362AA79898D}.Release|Any CPU.Build.0 = Release|Any CPU
		{A7951807-F924-4108-A63B-253CE3F5B045}.Debug|Any CPU.ActiveCfg = Debug|Any CPU
		{A7951807-F924-4108-A63B-253CE3F5B045}.Debug|Any CPU.Build.0 = Debug|Any CPU
		{A7951807-F924-4108-A63B-253CE3F5B045}.Release|Any CPU.ActiveCfg = Release|Any CPU
		{A7951807-F924-4108-A63B-253CE3F5B045}.Release|Any CPU.Build.0 = Release|Any CPU
		{E45EA1C2-F40C-4903-94C3-30A885A71D33}.Debug|Any CPU.ActiveCfg = Debug|Any CPU
		{E45EA1C2-F40C-4903-94C3-30A885A71D33}.Debug|Any CPU.Build.0 = Debug|Any CPU
		{E45EA1C2-F40C-4903-94C3-30A885A71D33}.Release|Any CPU.ActiveCfg = Release|Any CPU
		{E45EA1C2-F40C-4903-94C3-30A885A71D33}.Release|Any CPU.Build.0 = Release|Any CPU
		{3F7C2517-390A-40BF-A1FC-3F5DFAE8BDF2}.Debug|Any CPU.ActiveCfg = Debug|Any CPU
		{3F7C2517-390A-40BF-A1FC-3F5DFAE8BDF2}.Debug|Any CPU.Build.0 = Debug|Any CPU
		{3F7C2517-390A-40BF-A1FC-3F5DFAE8BDF2}.Release|Any CPU.ActiveCfg = Release|Any CPU
		{3F7C2517-390A-40BF-A1FC-3F5DFAE8BDF2}.Release|Any CPU.Build.0 = Release|Any CPU
		{C3976AC9-39A5-4B47-8A67-33F021A4CDC3}.Debug|Any CPU.ActiveCfg = Debug|Any CPU
		{C3976AC9-39A5-4B47-8A67-33F021A4CDC3}.Debug|Any CPU.Build.0 = Debug|Any CPU
		{C3976AC9-39A5-4B47-8A67-33F021A4CDC3}.Release|Any CPU.ActiveCfg = Release|Any CPU
		{C3976AC9-39A5-4B47-8A67-33F021A4CDC3}.Release|Any CPU.Build.0 = Release|Any CPU
		{AA84D501-0707-40D3-AED8-F4884E7F0FB2}.Debug|Any CPU.ActiveCfg = Debug|Any CPU
		{AA84D501-0707-40D3-AED8-F4884E7F0FB2}.Debug|Any CPU.Build.0 = Debug|Any CPU
		{AA84D501-0707-40D3-AED8-F4884E7F0FB2}.Release|Any CPU.ActiveCfg = Release|Any CPU
		{AA84D501-0707-40D3-AED8-F4884E7F0FB2}.Release|Any CPU.Build.0 = Release|Any CPU
		{ED2AD3D7-C4E5-45C9-B5B1-C95FF562AB97}.Debug|Any CPU.ActiveCfg = Debug|Any CPU
		{ED2AD3D7-C4E5-45C9-B5B1-C95FF562AB97}.Debug|Any CPU.Build.0 = Debug|Any CPU
		{ED2AD3D7-C4E5-45C9-B5B1-C95FF562AB97}.Release|Any CPU.ActiveCfg = Release|Any CPU
		{ED2AD3D7-C4E5-45C9-B5B1-C95FF562AB97}.Release|Any CPU.Build.0 = Release|Any CPU
		{77CEE5BA-D7B7-4C2F-8466-7B97D74AC9FB}.Debug|Any CPU.ActiveCfg = Debug|Any CPU
		{77CEE5BA-D7B7-4C2F-8466-7B97D74AC9FB}.Debug|Any CPU.Build.0 = Debug|Any CPU
		{77CEE5BA-D7B7-4C2F-8466-7B97D74AC9FB}.Release|Any CPU.ActiveCfg = Release|Any CPU
		{77CEE5BA-D7B7-4C2F-8466-7B97D74AC9FB}.Release|Any CPU.Build.0 = Release|Any CPU
	EndGlobalSection
	GlobalSection(SolutionProperties) = preSolution
		HideSolutionNode = FALSE
	EndGlobalSection
	GlobalSection(NestedProjects) = preSolution
		{A7951807-F924-4108-A63B-253CE3F5B045} = {5377D369-C559-4980-96AC-D5BB738E5910}
		{E45EA1C2-F40C-4903-94C3-30A885A71D33} = {5377D369-C559-4980-96AC-D5BB738E5910}
		{3F7C2517-390A-40BF-A1FC-3F5DFAE8BDF2} = {5377D369-C559-4980-96AC-D5BB738E5910}
		{C3976AC9-39A5-4B47-8A67-33F021A4CDC3} = {5377D369-C559-4980-96AC-D5BB738E5910}
		{AA84D501-0707-40D3-AED8-F4884E7F0FB2} = {5377D369-C559-4980-96AC-D5BB738E5910}
	EndGlobalSection
EndGlobal
