
Microsoft Visual Studio Solution File, Format Version 12.00
# Visual Studio 14
VisualStudioVersion = 14.0.23107.0
MinimumVisualStudioVersion = 10.0.40219.1
Project("{FAE04EC0-301F-11D3-BF4B-00C04F79EFBC}") = "Toci.AuthorizationServer", "Toci.AuthorizationServer\Toci.AuthorizationServer.csproj", "{B6A7D2CA-61C5-4017-B80D-6AEB9E6E76CA}"
EndProject
Project("{FAE04EC0-301F-11D3-BF4B-00C04F79EFBC}") = "DBAccessResourceServer", "DBAccessResourceServer\DBAccessResourceServer.csproj", "{D99E10F6-2DE4-4D98-9D70-CFE31FF4E61C}"
EndProject
Project("{FAE04EC0-301F-11D3-BF4B-00C04F79EFBC}") = "Toci.AuthorizationClient", "Toci.AuthorizationClient\Toci.AuthorizationClient.csproj", "{D3EA1921-CBA8-48D7-A95B-355BFF48BDE3}"
EndProject
Global
	GlobalSection(SolutionConfigurationPlatforms) = preSolution
		Debug|Any CPU = Debug|Any CPU
		Release|Any CPU = Release|Any CPU
	EndGlobalSection
	GlobalSection(ProjectConfigurationPlatforms) = postSolution
		{B6A7D2CA-61C5-4017-B80D-6AEB9E6E76CA}.Debug|Any CPU.ActiveCfg = Debug|Any CPU
		{B6A7D2CA-61C5-4017-B80D-6AEB9E6E76CA}.Debug|Any CPU.Build.0 = Debug|Any CPU
		{B6A7D2CA-61C5-4017-B80D-6AEB9E6E76CA}.Release|Any CPU.ActiveCfg = Release|Any CPU
		{B6A7D2CA-61C5-4017-B80D-6AEB9E6E76CA}.Release|Any CPU.Build.0 = Release|Any CPU
		{D99E10F6-2DE4-4D98-9D70-CFE31FF4E61C}.Debug|Any CPU.ActiveCfg = Debug|Any CPU
		{D99E10F6-2DE4-4D98-9D70-CFE31FF4E61C}.Debug|Any CPU.Build.0 = Debug|Any CPU
		{D99E10F6-2DE4-4D98-9D70-CFE31FF4E61C}.Release|Any CPU.ActiveCfg = Release|Any CPU
		{D99E10F6-2DE4-4D98-9D70-CFE31FF4E61C}.Release|Any CPU.Build.0 = Release|Any CPU
		{D3EA1921-CBA8-48D7-A95B-355BFF48BDE3}.Debug|Any CPU.ActiveCfg = Debug|Any CPU
		{D3EA1921-CBA8-48D7-A95B-355BFF48BDE3}.Debug|Any CPU.Build.0 = Debug|Any CPU
		{D3EA1921-CBA8-48D7-A95B-355BFF48BDE3}.Release|Any CPU.ActiveCfg = Release|Any CPU
		{D3EA1921-CBA8-48D7-A95B-355BFF48BDE3}.Release|Any CPU.Build.0 = Release|Any CPU
	EndGlobalSection
	GlobalSection(SolutionProperties) = preSolution
		HideSolutionNode = FALSE
	EndGlobalSection
EndGlobal
