
Microsoft Visual Studio Solution File, Format Version 12.00
# Visual Studio 2013
VisualStudioVersion = 12.0.31101.0
MinimumVisualStudioVersion = 10.0.40219.1
Project("{FAE04EC0-301F-11D3-BF4B-00C04F79EFBC}") = "Toci.AuthorizationServer", "Toci.AuthorizationServer\Toci.AuthorizationServer.csproj", "{B6A7D2CA-61C5-4017-B80D-6AEB9E6E76CA}"
EndProject
Global
	GlobalSection(SolutionConfigurationPlatforms) = preSolution
		Debug|Any CPU = Debug|Any CPU
		Release|Any CPU = Release|Any CPU
	EndGlobalSection
	GlobalSection(ProjectConfigurationPlatforms) = postSolution
		{B6A7D2CA-61C5-4017-B80D-6AEB9E6E76CA}.Debug|Any CPU.ActiveCfg = Debug|Any CPU
		{B6A7D2CA-61C5-4017-B80D-6AEB9E6E76CA}.Debug|Any CPU.Build.0 = Debug|Any CPU
		{B6A7D2CA-61C5-4017-B80D-6AEB9E6E76CA}.Release|Any CPU.ActiveCfg = Release|Any CPU
		{B6A7D2CA-61C5-4017-B80D-6AEB9E6E76CA}.Release|Any CPU.Build.0 = Release|Any CPU
	EndGlobalSection
	GlobalSection(SolutionProperties) = preSolution
		HideSolutionNode = FALSE
	EndGlobalSection
EndGlobal
