
Microsoft Visual Studio Solution File, Format Version 12.00
# Visual Studio 14
VisualStudioVersion = 14.0.23107.0
MinimumVisualStudioVersion = 10.0.40219.1
Project("{FAE04EC0-301F-11D3-BF4B-00C04F79EFBC}") = "Con Air", "Con Air\Con Air.csproj", "{D643B82D-68AD-4593-AE35-6D50CD588BBB}"
EndProject
Project("{FAE04EC0-301F-11D3-BF4B-00C04F79EFBC}") = "ConAir.Tests", "ConAir.Tests\ConAir.Tests.csproj", "{88B2F2DA-03BB-4869-974E-9C923C9974B6}"
EndProject
Global
	GlobalSection(SolutionConfigurationPlatforms) = preSolution
		Debug|Any CPU = Debug|Any CPU
		Release|Any CPU = Release|Any CPU
	EndGlobalSection
	GlobalSection(ProjectConfigurationPlatforms) = postSolution
		{D643B82D-68AD-4593-AE35-6D50CD588BBB}.Debug|Any CPU.ActiveCfg = Debug|Any CPU
		{D643B82D-68AD-4593-AE35-6D50CD588BBB}.Debug|Any CPU.Build.0 = Debug|Any CPU
		{D643B82D-68AD-4593-AE35-6D50CD588BBB}.Release|Any CPU.ActiveCfg = Release|Any CPU
		{D643B82D-68AD-4593-AE35-6D50CD588BBB}.Release|Any CPU.Build.0 = Release|Any CPU
		{88B2F2DA-03BB-4869-974E-9C923C9974B6}.Debug|Any CPU.ActiveCfg = Debug|Any CPU
		{88B2F2DA-03BB-4869-974E-9C923C9974B6}.Debug|Any CPU.Build.0 = Debug|Any CPU
		{88B2F2DA-03BB-4869-974E-9C923C9974B6}.Release|Any CPU.ActiveCfg = Release|Any CPU
		{88B2F2DA-03BB-4869-974E-9C923C9974B6}.Release|Any CPU.Build.0 = Release|Any CPU
	EndGlobalSection
	GlobalSection(SolutionProperties) = preSolution
		HideSolutionNode = FALSE
	EndGlobalSection
EndGlobal
