
Microsoft Visual Studio Solution File, Format Version 12.00
# Visual Studio 14
VisualStudioVersion = 14.0.23107.0
MinimumVisualStudioVersion = 10.0.40219.1
Project("{FAE04EC0-301F-11D3-BF4B-00C04F79EFBC}") = "DbCredentials", "DbCredentials\DbCredentials.csproj", "{F6CB9517-249B-419A-9DC0-3F20677A4B23}"
EndProject
Project("{FAE04EC0-301F-11D3-BF4B-00C04F79EFBC}") = "Toci.CredentialsApi", "..\Toci.CredentialsApi\Toci.CredentialsApi.csproj", "{3923B86E-CA31-4076-A937-BDB81452ABFC}"
EndProject
Project("{2150E333-8FDC-42A3-9474-1A3956D46DE8}") = "Toci.Libraries", "Toci.Libraries", "{C48BE919-2029-471B-8592-AA5AD433C24F}"
EndProject
Project("{FAE04EC0-301F-11D3-BF4B-00C04F79EFBC}") = "Toci.Db", "..\..\..\..\toci_common\Toci.Libraries\Toci.Db\Toci.Db.csproj", "{E45EA1C2-F40C-4903-94C3-30A885A71D33}"
EndProject
Project("{FAE04EC0-301F-11D3-BF4B-00C04F79EFBC}") = "Toci.Utilities", "..\..\..\..\toci_common\Toci.Libraries\Toci.Utilities\Toci.Utilities.csproj", "{A7951807-F924-4108-A63B-253CE3F5B045}"
EndProject
Project("{FAE04EC0-301F-11D3-BF4B-00C04F79EFBC}") = "Toci.Utilities.Abstraction", "..\..\..\..\toci_common\Toci.Libraries\Toci.Utilities.Abstraction\Toci.Utilities.Abstraction.csproj", "{3F7C2517-390A-40BF-A1FC-3F5DFAE8BDF2}"
EndProject
Project("{FAE04EC0-301F-11D3-BF4B-00C04F79EFBC}") = "Toci.Utilities.Common", "..\..\..\..\toci_common\Toci.Libraries\Toci.Utilities.Common\Toci.Utilities.Common.csproj", "{AA84D501-0707-40D3-AED8-F4884E7F0FB2}"
EndProject
Project("{FAE04EC0-301F-11D3-BF4B-00C04F79EFBC}") = "Toci.Utilities.Interfaces", "..\..\..\..\toci_common\Toci.Libraries\Toci.Utilities.Interfaces\Toci.Utilities.Interfaces\Toci.Utilities.Interfaces.csproj", "{C3976AC9-39A5-4B47-8A67-33F021A4CDC3}"
EndProject
Project("{FAE04EC0-301F-11D3-BF4B-00C04F79EFBC}") = "Toci.Utilities.Test", "..\..\..\..\toci_common\Toci.Libraries\Toci.Utillties.Test\Toci.Utilities.Test.csproj", "{AFA373BC-F581-4E32-80B5-CC3179F630F7}"
EndProject
Project("{FAE04EC0-301F-11D3-BF4B-00C04F79EFBC}") = "Toci.DigitalSignature", "..\..\Toci.ServicesProvider\Toci.Web\Toci.DigitalSignature\Toci.DigitalSignature.csproj", "{CE9A63D1-D277-4828-BF68-211DB483B483}"
EndProject
Project("{FAE04EC0-301F-11D3-BF4B-00C04F79EFBC}") = "EncodingLib", "..\..\Toci.ServicesProvider\Toci.Web\EncodingLib\EncodingLib.csproj", "{44D0C538-5D19-409A-8F30-2519339FC818}"
EndProject
Project("{FAE04EC0-301F-11D3-BF4B-00C04F79EFBC}") = "ErrorsAndMessages", "..\..\Toci.ServicesProvider\Toci.Web\Toci.ErrorsAndMessages\ErrorsAndMessages.csproj", "{C723109F-5656-4245-8FFB-6A9CDE912F54}"
EndProject
Project("{FAE04EC0-301F-11D3-BF4B-00C04F79EFBC}") = "DbCredentials.Dal", "..\DbCredentials.Dal\DbCredentials.Dal.csproj", "{B9533CC4-49E0-4B1E-8E67-6058C0D1782C}"
EndProject
Project("{FAE04EC0-301F-11D3-BF4B-00C04F79EFBC}") = "DbCredentials.Test", "..\DbCredentials.Test\DbCredentials.Test.csproj", "{972FBD4D-9595-4FF9-AC7C-79E37F3AAF17}"
EndProject
Global
	GlobalSection(SolutionConfigurationPlatforms) = preSolution
		Debug|Any CPU = Debug|Any CPU
		Debug|ARM = Debug|ARM
		Debug|x64 = Debug|x64
		Debug|x86 = Debug|x86
		Release|Any CPU = Release|Any CPU
		Release|ARM = Release|ARM
		Release|x64 = Release|x64
		Release|x86 = Release|x86
	EndGlobalSection
	GlobalSection(ProjectConfigurationPlatforms) = postSolution
		{F6CB9517-249B-419A-9DC0-3F20677A4B23}.Debug|Any CPU.ActiveCfg = Debug|Any CPU
		{F6CB9517-249B-419A-9DC0-3F20677A4B23}.Debug|Any CPU.Build.0 = Debug|Any CPU
		{F6CB9517-249B-419A-9DC0-3F20677A4B23}.Debug|ARM.ActiveCfg = Debug|Any CPU
		{F6CB9517-249B-419A-9DC0-3F20677A4B23}.Debug|ARM.Build.0 = Debug|Any CPU
		{F6CB9517-249B-419A-9DC0-3F20677A4B23}.Debug|x64.ActiveCfg = Debug|Any CPU
		{F6CB9517-249B-419A-9DC0-3F20677A4B23}.Debug|x64.Build.0 = Debug|Any CPU
		{F6CB9517-249B-419A-9DC0-3F20677A4B23}.Debug|x86.ActiveCfg = Debug|Any CPU
		{F6CB9517-249B-419A-9DC0-3F20677A4B23}.Debug|x86.Build.0 = Debug|Any CPU
		{F6CB9517-249B-419A-9DC0-3F20677A4B23}.Release|Any CPU.ActiveCfg = Release|Any CPU
		{F6CB9517-249B-419A-9DC0-3F20677A4B23}.Release|Any CPU.Build.0 = Release|Any CPU
		{F6CB9517-249B-419A-9DC0-3F20677A4B23}.Release|ARM.ActiveCfg = Release|Any CPU
		{F6CB9517-249B-419A-9DC0-3F20677A4B23}.Release|ARM.Build.0 = Release|Any CPU
		{F6CB9517-249B-419A-9DC0-3F20677A4B23}.Release|x64.ActiveCfg = Release|Any CPU
		{F6CB9517-249B-419A-9DC0-3F20677A4B23}.Release|x64.Build.0 = Release|Any CPU
		{F6CB9517-249B-419A-9DC0-3F20677A4B23}.Release|x86.ActiveCfg = Release|Any CPU
		{F6CB9517-249B-419A-9DC0-3F20677A4B23}.Release|x86.Build.0 = Release|Any CPU
		{3923B86E-CA31-4076-A937-BDB81452ABFC}.Debug|Any CPU.ActiveCfg = Debug|Any CPU
		{3923B86E-CA31-4076-A937-BDB81452ABFC}.Debug|Any CPU.Build.0 = Debug|Any CPU
		{3923B86E-CA31-4076-A937-BDB81452ABFC}.Debug|ARM.ActiveCfg = Debug|Any CPU
		{3923B86E-CA31-4076-A937-BDB81452ABFC}.Debug|ARM.Build.0 = Debug|Any CPU
		{3923B86E-CA31-4076-A937-BDB81452ABFC}.Debug|x64.ActiveCfg = Debug|Any CPU
		{3923B86E-CA31-4076-A937-BDB81452ABFC}.Debug|x64.Build.0 = Debug|Any CPU
		{3923B86E-CA31-4076-A937-BDB81452ABFC}.Debug|x86.ActiveCfg = Debug|Any CPU
		{3923B86E-CA31-4076-A937-BDB81452ABFC}.Debug|x86.Build.0 = Debug|Any CPU
		{3923B86E-CA31-4076-A937-BDB81452ABFC}.Release|Any CPU.ActiveCfg = Release|Any CPU
		{3923B86E-CA31-4076-A937-BDB81452ABFC}.Release|Any CPU.Build.0 = Release|Any CPU
		{3923B86E-CA31-4076-A937-BDB81452ABFC}.Release|ARM.ActiveCfg = Release|Any CPU
		{3923B86E-CA31-4076-A937-BDB81452ABFC}.Release|ARM.Build.0 = Release|Any CPU
		{3923B86E-CA31-4076-A937-BDB81452ABFC}.Release|x64.ActiveCfg = Release|Any CPU
		{3923B86E-CA31-4076-A937-BDB81452ABFC}.Release|x64.Build.0 = Release|Any CPU
		{3923B86E-CA31-4076-A937-BDB81452ABFC}.Release|x86.ActiveCfg = Release|Any CPU
		{3923B86E-CA31-4076-A937-BDB81452ABFC}.Release|x86.Build.0 = Release|Any CPU
		{E45EA1C2-F40C-4903-94C3-30A885A71D33}.Debug|Any CPU.ActiveCfg = Debug|Any CPU
		{E45EA1C2-F40C-4903-94C3-30A885A71D33}.Debug|Any CPU.Build.0 = Debug|Any CPU
		{E45EA1C2-F40C-4903-94C3-30A885A71D33}.Debug|ARM.ActiveCfg = Debug|Any CPU
		{E45EA1C2-F40C-4903-94C3-30A885A71D33}.Debug|ARM.Build.0 = Debug|Any CPU
		{E45EA1C2-F40C-4903-94C3-30A885A71D33}.Debug|x64.ActiveCfg = Debug|Any CPU
		{E45EA1C2-F40C-4903-94C3-30A885A71D33}.Debug|x64.Build.0 = Debug|Any CPU
		{E45EA1C2-F40C-4903-94C3-30A885A71D33}.Debug|x86.ActiveCfg = Debug|Any CPU
		{E45EA1C2-F40C-4903-94C3-30A885A71D33}.Debug|x86.Build.0 = Debug|Any CPU
		{E45EA1C2-F40C-4903-94C3-30A885A71D33}.Release|Any CPU.ActiveCfg = Release|Any CPU
		{E45EA1C2-F40C-4903-94C3-30A885A71D33}.Release|Any CPU.Build.0 = Release|Any CPU
		{E45EA1C2-F40C-4903-94C3-30A885A71D33}.Release|ARM.ActiveCfg = Release|Any CPU
		{E45EA1C2-F40C-4903-94C3-30A885A71D33}.Release|ARM.Build.0 = Release|Any CPU
		{E45EA1C2-F40C-4903-94C3-30A885A71D33}.Release|x64.ActiveCfg = Release|Any CPU
		{E45EA1C2-F40C-4903-94C3-30A885A71D33}.Release|x64.Build.0 = Release|Any CPU
		{E45EA1C2-F40C-4903-94C3-30A885A71D33}.Release|x86.ActiveCfg = Release|Any CPU
		{E45EA1C2-F40C-4903-94C3-30A885A71D33}.Release|x86.Build.0 = Release|Any CPU
		{A7951807-F924-4108-A63B-253CE3F5B045}.Debug|Any CPU.ActiveCfg = Debug|Any CPU
		{A7951807-F924-4108-A63B-253CE3F5B045}.Debug|Any CPU.Build.0 = Debug|Any CPU
		{A7951807-F924-4108-A63B-253CE3F5B045}.Debug|ARM.ActiveCfg = Debug|Any CPU
		{A7951807-F924-4108-A63B-253CE3F5B045}.Debug|ARM.Build.0 = Debug|Any CPU
		{A7951807-F924-4108-A63B-253CE3F5B045}.Debug|x64.ActiveCfg = Debug|Any CPU
		{A7951807-F924-4108-A63B-253CE3F5B045}.Debug|x64.Build.0 = Debug|Any CPU
		{A7951807-F924-4108-A63B-253CE3F5B045}.Debug|x86.ActiveCfg = Debug|Any CPU
		{A7951807-F924-4108-A63B-253CE3F5B045}.Debug|x86.Build.0 = Debug|Any CPU
		{A7951807-F924-4108-A63B-253CE3F5B045}.Release|Any CPU.ActiveCfg = Release|Any CPU
		{A7951807-F924-4108-A63B-253CE3F5B045}.Release|Any CPU.Build.0 = Release|Any CPU
		{A7951807-F924-4108-A63B-253CE3F5B045}.Release|ARM.ActiveCfg = Release|Any CPU
		{A7951807-F924-4108-A63B-253CE3F5B045}.Release|ARM.Build.0 = Release|Any CPU
		{A7951807-F924-4108-A63B-253CE3F5B045}.Release|x64.ActiveCfg = Release|Any CPU
		{A7951807-F924-4108-A63B-253CE3F5B045}.Release|x64.Build.0 = Release|Any CPU
		{A7951807-F924-4108-A63B-253CE3F5B045}.Release|x86.ActiveCfg = Release|Any CPU
		{A7951807-F924-4108-A63B-253CE3F5B045}.Release|x86.Build.0 = Release|Any CPU
		{3F7C2517-390A-40BF-A1FC-3F5DFAE8BDF2}.Debug|Any CPU.ActiveCfg = Debug|Any CPU
		{3F7C2517-390A-40BF-A1FC-3F5DFAE8BDF2}.Debug|Any CPU.Build.0 = Debug|Any CPU
		{3F7C2517-390A-40BF-A1FC-3F5DFAE8BDF2}.Debug|ARM.ActiveCfg = Debug|Any CPU
		{3F7C2517-390A-40BF-A1FC-3F5DFAE8BDF2}.Debug|ARM.Build.0 = Debug|Any CPU
		{3F7C2517-390A-40BF-A1FC-3F5DFAE8BDF2}.Debug|x64.ActiveCfg = Debug|Any CPU
		{3F7C2517-390A-40BF-A1FC-3F5DFAE8BDF2}.Debug|x64.Build.0 = Debug|Any CPU
		{3F7C2517-390A-40BF-A1FC-3F5DFAE8BDF2}.Debug|x86.ActiveCfg = Debug|Any CPU
		{3F7C2517-390A-40BF-A1FC-3F5DFAE8BDF2}.Debug|x86.Build.0 = Debug|Any CPU
		{3F7C2517-390A-40BF-A1FC-3F5DFAE8BDF2}.Release|Any CPU.ActiveCfg = Release|Any CPU
		{3F7C2517-390A-40BF-A1FC-3F5DFAE8BDF2}.Release|Any CPU.Build.0 = Release|Any CPU
		{3F7C2517-390A-40BF-A1FC-3F5DFAE8BDF2}.Release|ARM.ActiveCfg = Release|Any CPU
		{3F7C2517-390A-40BF-A1FC-3F5DFAE8BDF2}.Release|ARM.Build.0 = Release|Any CPU
		{3F7C2517-390A-40BF-A1FC-3F5DFAE8BDF2}.Release|x64.ActiveCfg = Release|Any CPU
		{3F7C2517-390A-40BF-A1FC-3F5DFAE8BDF2}.Release|x64.Build.0 = Release|Any CPU
		{3F7C2517-390A-40BF-A1FC-3F5DFAE8BDF2}.Release|x86.ActiveCfg = Release|Any CPU
		{3F7C2517-390A-40BF-A1FC-3F5DFAE8BDF2}.Release|x86.Build.0 = Release|Any CPU
		{AA84D501-0707-40D3-AED8-F4884E7F0FB2}.Debug|Any CPU.ActiveCfg = Debug|Any CPU
		{AA84D501-0707-40D3-AED8-F4884E7F0FB2}.Debug|Any CPU.Build.0 = Debug|Any CPU
		{AA84D501-0707-40D3-AED8-F4884E7F0FB2}.Debug|ARM.ActiveCfg = Debug|Any CPU
		{AA84D501-0707-40D3-AED8-F4884E7F0FB2}.Debug|ARM.Build.0 = Debug|Any CPU
		{AA84D501-0707-40D3-AED8-F4884E7F0FB2}.Debug|x64.ActiveCfg = Debug|Any CPU
		{AA84D501-0707-40D3-AED8-F4884E7F0FB2}.Debug|x64.Build.0 = Debug|Any CPU
		{AA84D501-0707-40D3-AED8-F4884E7F0FB2}.Debug|x86.ActiveCfg = Debug|Any CPU
		{AA84D501-0707-40D3-AED8-F4884E7F0FB2}.Debug|x86.Build.0 = Debug|Any CPU
		{AA84D501-0707-40D3-AED8-F4884E7F0FB2}.Release|Any CPU.ActiveCfg = Release|Any CPU
		{AA84D501-0707-40D3-AED8-F4884E7F0FB2}.Release|Any CPU.Build.0 = Release|Any CPU
		{AA84D501-0707-40D3-AED8-F4884E7F0FB2}.Release|ARM.ActiveCfg = Release|Any CPU
		{AA84D501-0707-40D3-AED8-F4884E7F0FB2}.Release|ARM.Build.0 = Release|Any CPU
		{AA84D501-0707-40D3-AED8-F4884E7F0FB2}.Release|x64.ActiveCfg = Release|Any CPU
		{AA84D501-0707-40D3-AED8-F4884E7F0FB2}.Release|x64.Build.0 = Release|Any CPU
		{AA84D501-0707-40D3-AED8-F4884E7F0FB2}.Release|x86.ActiveCfg = Release|Any CPU
		{AA84D501-0707-40D3-AED8-F4884E7F0FB2}.Release|x86.Build.0 = Release|Any CPU
		{C3976AC9-39A5-4B47-8A67-33F021A4CDC3}.Debug|Any CPU.ActiveCfg = Debug|Any CPU
		{C3976AC9-39A5-4B47-8A67-33F021A4CDC3}.Debug|Any CPU.Build.0 = Debug|Any CPU
		{C3976AC9-39A5-4B47-8A67-33F021A4CDC3}.Debug|ARM.ActiveCfg = Debug|Any CPU
		{C3976AC9-39A5-4B47-8A67-33F021A4CDC3}.Debug|ARM.Build.0 = Debug|Any CPU
		{C3976AC9-39A5-4B47-8A67-33F021A4CDC3}.Debug|x64.ActiveCfg = Debug|Any CPU
		{C3976AC9-39A5-4B47-8A67-33F021A4CDC3}.Debug|x64.Build.0 = Debug|Any CPU
		{C3976AC9-39A5-4B47-8A67-33F021A4CDC3}.Debug|x86.ActiveCfg = Debug|Any CPU
		{C3976AC9-39A5-4B47-8A67-33F021A4CDC3}.Debug|x86.Build.0 = Debug|Any CPU
		{C3976AC9-39A5-4B47-8A67-33F021A4CDC3}.Release|Any CPU.ActiveCfg = Release|Any CPU
		{C3976AC9-39A5-4B47-8A67-33F021A4CDC3}.Release|Any CPU.Build.0 = Release|Any CPU
		{C3976AC9-39A5-4B47-8A67-33F021A4CDC3}.Release|ARM.ActiveCfg = Release|Any CPU
		{C3976AC9-39A5-4B47-8A67-33F021A4CDC3}.Release|ARM.Build.0 = Release|Any CPU
		{C3976AC9-39A5-4B47-8A67-33F021A4CDC3}.Release|x64.ActiveCfg = Release|Any CPU
		{C3976AC9-39A5-4B47-8A67-33F021A4CDC3}.Release|x64.Build.0 = Release|Any CPU
		{C3976AC9-39A5-4B47-8A67-33F021A4CDC3}.Release|x86.ActiveCfg = Release|Any CPU
		{C3976AC9-39A5-4B47-8A67-33F021A4CDC3}.Release|x86.Build.0 = Release|Any CPU
		{AFA373BC-F581-4E32-80B5-CC3179F630F7}.Debug|Any CPU.ActiveCfg = Debug|Any CPU
		{AFA373BC-F581-4E32-80B5-CC3179F630F7}.Debug|Any CPU.Build.0 = Debug|Any CPU
		{AFA373BC-F581-4E32-80B5-CC3179F630F7}.Debug|ARM.ActiveCfg = Debug|Any CPU
		{AFA373BC-F581-4E32-80B5-CC3179F630F7}.Debug|ARM.Build.0 = Debug|Any CPU
		{AFA373BC-F581-4E32-80B5-CC3179F630F7}.Debug|x64.ActiveCfg = Debug|Any CPU
		{AFA373BC-F581-4E32-80B5-CC3179F630F7}.Debug|x64.Build.0 = Debug|Any CPU
		{AFA373BC-F581-4E32-80B5-CC3179F630F7}.Debug|x86.ActiveCfg = Debug|Any CPU
		{AFA373BC-F581-4E32-80B5-CC3179F630F7}.Debug|x86.Build.0 = Debug|Any CPU
		{AFA373BC-F581-4E32-80B5-CC3179F630F7}.Release|Any CPU.ActiveCfg = Release|Any CPU
		{AFA373BC-F581-4E32-80B5-CC3179F630F7}.Release|Any CPU.Build.0 = Release|Any CPU
		{AFA373BC-F581-4E32-80B5-CC3179F630F7}.Release|ARM.ActiveCfg = Release|Any CPU
		{AFA373BC-F581-4E32-80B5-CC3179F630F7}.Release|ARM.Build.0 = Release|Any CPU
		{AFA373BC-F581-4E32-80B5-CC3179F630F7}.Release|x64.ActiveCfg = Release|Any CPU
		{AFA373BC-F581-4E32-80B5-CC3179F630F7}.Release|x64.Build.0 = Release|Any CPU
		{AFA373BC-F581-4E32-80B5-CC3179F630F7}.Release|x86.ActiveCfg = Release|Any CPU
		{AFA373BC-F581-4E32-80B5-CC3179F630F7}.Release|x86.Build.0 = Release|Any CPU
		{CE9A63D1-D277-4828-BF68-211DB483B483}.Debug|Any CPU.ActiveCfg = Debug|Any CPU
		{CE9A63D1-D277-4828-BF68-211DB483B483}.Debug|Any CPU.Build.0 = Debug|Any CPU
		{CE9A63D1-D277-4828-BF68-211DB483B483}.Debug|ARM.ActiveCfg = Debug|Any CPU
		{CE9A63D1-D277-4828-BF68-211DB483B483}.Debug|ARM.Build.0 = Debug|Any CPU
		{CE9A63D1-D277-4828-BF68-211DB483B483}.Debug|x64.ActiveCfg = Debug|Any CPU
		{CE9A63D1-D277-4828-BF68-211DB483B483}.Debug|x64.Build.0 = Debug|Any CPU
		{CE9A63D1-D277-4828-BF68-211DB483B483}.Debug|x86.ActiveCfg = Debug|Any CPU
		{CE9A63D1-D277-4828-BF68-211DB483B483}.Debug|x86.Build.0 = Debug|Any CPU
		{CE9A63D1-D277-4828-BF68-211DB483B483}.Release|Any CPU.ActiveCfg = Release|Any CPU
		{CE9A63D1-D277-4828-BF68-211DB483B483}.Release|Any CPU.Build.0 = Release|Any CPU
		{CE9A63D1-D277-4828-BF68-211DB483B483}.Release|ARM.ActiveCfg = Release|Any CPU
		{CE9A63D1-D277-4828-BF68-211DB483B483}.Release|ARM.Build.0 = Release|Any CPU
		{CE9A63D1-D277-4828-BF68-211DB483B483}.Release|x64.ActiveCfg = Release|Any CPU
		{CE9A63D1-D277-4828-BF68-211DB483B483}.Release|x64.Build.0 = Release|Any CPU
		{CE9A63D1-D277-4828-BF68-211DB483B483}.Release|x86.ActiveCfg = Release|Any CPU
		{CE9A63D1-D277-4828-BF68-211DB483B483}.Release|x86.Build.0 = Release|Any CPU
		{44D0C538-5D19-409A-8F30-2519339FC818}.Debug|Any CPU.ActiveCfg = Debug|Any CPU
		{44D0C538-5D19-409A-8F30-2519339FC818}.Debug|Any CPU.Build.0 = Debug|Any CPU
		{44D0C538-5D19-409A-8F30-2519339FC818}.Debug|ARM.ActiveCfg = Debug|Any CPU
		{44D0C538-5D19-409A-8F30-2519339FC818}.Debug|ARM.Build.0 = Debug|Any CPU
		{44D0C538-5D19-409A-8F30-2519339FC818}.Debug|x64.ActiveCfg = Debug|Any CPU
		{44D0C538-5D19-409A-8F30-2519339FC818}.Debug|x64.Build.0 = Debug|Any CPU
		{44D0C538-5D19-409A-8F30-2519339FC818}.Debug|x86.ActiveCfg = Debug|Any CPU
		{44D0C538-5D19-409A-8F30-2519339FC818}.Debug|x86.Build.0 = Debug|Any CPU
		{44D0C538-5D19-409A-8F30-2519339FC818}.Release|Any CPU.ActiveCfg = Release|Any CPU
		{44D0C538-5D19-409A-8F30-2519339FC818}.Release|Any CPU.Build.0 = Release|Any CPU
		{44D0C538-5D19-409A-8F30-2519339FC818}.Release|ARM.ActiveCfg = Release|Any CPU
		{44D0C538-5D19-409A-8F30-2519339FC818}.Release|ARM.Build.0 = Release|Any CPU
		{44D0C538-5D19-409A-8F30-2519339FC818}.Release|x64.ActiveCfg = Release|Any CPU
		{44D0C538-5D19-409A-8F30-2519339FC818}.Release|x64.Build.0 = Release|Any CPU
		{44D0C538-5D19-409A-8F30-2519339FC818}.Release|x86.ActiveCfg = Release|Any CPU
		{44D0C538-5D19-409A-8F30-2519339FC818}.Release|x86.Build.0 = Release|Any CPU
		{C723109F-5656-4245-8FFB-6A9CDE912F54}.Debug|Any CPU.ActiveCfg = Debug|Any CPU
		{C723109F-5656-4245-8FFB-6A9CDE912F54}.Debug|Any CPU.Build.0 = Debug|Any CPU
		{C723109F-5656-4245-8FFB-6A9CDE912F54}.Debug|ARM.ActiveCfg = Debug|Any CPU
		{C723109F-5656-4245-8FFB-6A9CDE912F54}.Debug|ARM.Build.0 = Debug|Any CPU
		{C723109F-5656-4245-8FFB-6A9CDE912F54}.Debug|x64.ActiveCfg = Debug|Any CPU
		{C723109F-5656-4245-8FFB-6A9CDE912F54}.Debug|x64.Build.0 = Debug|Any CPU
		{C723109F-5656-4245-8FFB-6A9CDE912F54}.Debug|x86.ActiveCfg = Debug|Any CPU
		{C723109F-5656-4245-8FFB-6A9CDE912F54}.Debug|x86.Build.0 = Debug|Any CPU
		{C723109F-5656-4245-8FFB-6A9CDE912F54}.Release|Any CPU.ActiveCfg = Release|Any CPU
		{C723109F-5656-4245-8FFB-6A9CDE912F54}.Release|Any CPU.Build.0 = Release|Any CPU
		{C723109F-5656-4245-8FFB-6A9CDE912F54}.Release|ARM.ActiveCfg = Release|Any CPU
		{C723109F-5656-4245-8FFB-6A9CDE912F54}.Release|ARM.Build.0 = Release|Any CPU
		{C723109F-5656-4245-8FFB-6A9CDE912F54}.Release|x64.ActiveCfg = Release|Any CPU
		{C723109F-5656-4245-8FFB-6A9CDE912F54}.Release|x64.Build.0 = Release|Any CPU
		{C723109F-5656-4245-8FFB-6A9CDE912F54}.Release|x86.ActiveCfg = Release|Any CPU
		{C723109F-5656-4245-8FFB-6A9CDE912F54}.Release|x86.Build.0 = Release|Any CPU
		{B9533CC4-49E0-4B1E-8E67-6058C0D1782C}.Debug|Any CPU.ActiveCfg = Debug|Any CPU
		{B9533CC4-49E0-4B1E-8E67-6058C0D1782C}.Debug|Any CPU.Build.0 = Debug|Any CPU
		{B9533CC4-49E0-4B1E-8E67-6058C0D1782C}.Debug|ARM.ActiveCfg = Debug|Any CPU
		{B9533CC4-49E0-4B1E-8E67-6058C0D1782C}.Debug|ARM.Build.0 = Debug|Any CPU
		{B9533CC4-49E0-4B1E-8E67-6058C0D1782C}.Debug|x64.ActiveCfg = Debug|Any CPU
		{B9533CC4-49E0-4B1E-8E67-6058C0D1782C}.Debug|x64.Build.0 = Debug|Any CPU
		{B9533CC4-49E0-4B1E-8E67-6058C0D1782C}.Debug|x86.ActiveCfg = Debug|Any CPU
		{B9533CC4-49E0-4B1E-8E67-6058C0D1782C}.Debug|x86.Build.0 = Debug|Any CPU
		{B9533CC4-49E0-4B1E-8E67-6058C0D1782C}.Release|Any CPU.ActiveCfg = Release|Any CPU
		{B9533CC4-49E0-4B1E-8E67-6058C0D1782C}.Release|Any CPU.Build.0 = Release|Any CPU
		{B9533CC4-49E0-4B1E-8E67-6058C0D1782C}.Release|ARM.ActiveCfg = Release|Any CPU
		{B9533CC4-49E0-4B1E-8E67-6058C0D1782C}.Release|ARM.Build.0 = Release|Any CPU
		{B9533CC4-49E0-4B1E-8E67-6058C0D1782C}.Release|x64.ActiveCfg = Release|Any CPU
		{B9533CC4-49E0-4B1E-8E67-6058C0D1782C}.Release|x64.Build.0 = Release|Any CPU
		{B9533CC4-49E0-4B1E-8E67-6058C0D1782C}.Release|x86.ActiveCfg = Release|Any CPU
		{B9533CC4-49E0-4B1E-8E67-6058C0D1782C}.Release|x86.Build.0 = Release|Any CPU
		{972FBD4D-9595-4FF9-AC7C-79E37F3AAF17}.Debug|Any CPU.ActiveCfg = Debug|Any CPU
		{972FBD4D-9595-4FF9-AC7C-79E37F3AAF17}.Debug|Any CPU.Build.0 = Debug|Any CPU
		{972FBD4D-9595-4FF9-AC7C-79E37F3AAF17}.Debug|ARM.ActiveCfg = Debug|Any CPU
		{972FBD4D-9595-4FF9-AC7C-79E37F3AAF17}.Debug|ARM.Build.0 = Debug|Any CPU
		{972FBD4D-9595-4FF9-AC7C-79E37F3AAF17}.Debug|x64.ActiveCfg = Debug|Any CPU
		{972FBD4D-9595-4FF9-AC7C-79E37F3AAF17}.Debug|x64.Build.0 = Debug|Any CPU
		{972FBD4D-9595-4FF9-AC7C-79E37F3AAF17}.Debug|x86.ActiveCfg = Debug|Any CPU
		{972FBD4D-9595-4FF9-AC7C-79E37F3AAF17}.Debug|x86.Build.0 = Debug|Any CPU
		{972FBD4D-9595-4FF9-AC7C-79E37F3AAF17}.Release|Any CPU.ActiveCfg = Release|Any CPU
		{972FBD4D-9595-4FF9-AC7C-79E37F3AAF17}.Release|Any CPU.Build.0 = Release|Any CPU
		{972FBD4D-9595-4FF9-AC7C-79E37F3AAF17}.Release|ARM.ActiveCfg = Release|Any CPU
		{972FBD4D-9595-4FF9-AC7C-79E37F3AAF17}.Release|ARM.Build.0 = Release|Any CPU
		{972FBD4D-9595-4FF9-AC7C-79E37F3AAF17}.Release|x64.ActiveCfg = Release|Any CPU
		{972FBD4D-9595-4FF9-AC7C-79E37F3AAF17}.Release|x64.Build.0 = Release|Any CPU
		{972FBD4D-9595-4FF9-AC7C-79E37F3AAF17}.Release|x86.ActiveCfg = Release|Any CPU
		{972FBD4D-9595-4FF9-AC7C-79E37F3AAF17}.Release|x86.Build.0 = Release|Any CPU
	EndGlobalSection
	GlobalSection(SolutionProperties) = preSolution
		HideSolutionNode = FALSE
	EndGlobalSection
	GlobalSection(NestedProjects) = preSolution
		{E45EA1C2-F40C-4903-94C3-30A885A71D33} = {C48BE919-2029-471B-8592-AA5AD433C24F}
		{A7951807-F924-4108-A63B-253CE3F5B045} = {C48BE919-2029-471B-8592-AA5AD433C24F}
		{3F7C2517-390A-40BF-A1FC-3F5DFAE8BDF2} = {C48BE919-2029-471B-8592-AA5AD433C24F}
		{AA84D501-0707-40D3-AED8-F4884E7F0FB2} = {C48BE919-2029-471B-8592-AA5AD433C24F}
		{C3976AC9-39A5-4B47-8A67-33F021A4CDC3} = {C48BE919-2029-471B-8592-AA5AD433C24F}
		{AFA373BC-F581-4E32-80B5-CC3179F630F7} = {C48BE919-2029-471B-8592-AA5AD433C24F}
	EndGlobalSection
	GlobalSection(ExtensibilityGlobals) = postSolution
		EnterpriseLibraryConfigurationToolBinariesPathV6 = packages\EnterpriseLibrary.TransientFaultHandling.6.0.1304.0\lib\portable-net45+win+wp8;packages\EnterpriseLibrary.TransientFaultHandling.Data.6.0.1304.1\lib\NET45
	EndGlobalSection
EndGlobal
